
Microsoft Visual Studio Solution File, Format Version 12.00
Project("{FAE04EC0-301F-11D3-BF4B-00C04F79EFBC}") = "FurCord.NET", "src\FurCord.NET\FurCord.NET.csproj", "{D8E977FA-BED2-420E-94E5-276B318C7210}"
EndProject
Project("{FAE04EC0-301F-11D3-BF4B-00C04F79EFBC}") = "FurCord.NET.Testing", "tests\FurCord.NET.Testing\FurCord.NET.Testing.csproj", "{8C78F1E9-7591-43E1-87D0-068D0B6B65FD}"
EndProject
Project("{FAE04EC0-301F-11D3-BF4B-00C04F79EFBC}") = "FurCord.NET.Tests", "tests\FurCord.NET.Tests\FurCord.NET.Tests.csproj", "{4875BB8D-DB12-4236-95B9-9E45A40A5ECD}"
EndProject
Global
	GlobalSection(SolutionConfigurationPlatforms) = preSolution
		Debug|Any CPU = Debug|Any CPU
		Release|Any CPU = Release|Any CPU
	EndGlobalSection
	GlobalSection(ProjectConfigurationPlatforms) = postSolution
		{D8E977FA-BED2-420E-94E5-276B318C7210}.Debug|Any CPU.ActiveCfg = Debug|Any CPU
		{D8E977FA-BED2-420E-94E5-276B318C7210}.Debug|Any CPU.Build.0 = Debug|Any CPU
		{D8E977FA-BED2-420E-94E5-276B318C7210}.Release|Any CPU.ActiveCfg = Release|Any CPU
		{D8E977FA-BED2-420E-94E5-276B318C7210}.Release|Any CPU.Build.0 = Release|Any CPU
		{8C78F1E9-7591-43E1-87D0-068D0B6B65FD}.Debug|Any CPU.ActiveCfg = Debug|Any CPU
		{8C78F1E9-7591-43E1-87D0-068D0B6B65FD}.Debug|Any CPU.Build.0 = Debug|Any CPU
		{8C78F1E9-7591-43E1-87D0-068D0B6B65FD}.Release|Any CPU.ActiveCfg = Release|Any CPU
		{8C78F1E9-7591-43E1-87D0-068D0B6B65FD}.Release|Any CPU.Build.0 = Release|Any CPU
		{4875BB8D-DB12-4236-95B9-9E45A40A5ECD}.Debug|Any CPU.ActiveCfg = Debug|Any CPU
		{4875BB8D-DB12-4236-95B9-9E45A40A5ECD}.Debug|Any CPU.Build.0 = Debug|Any CPU
		{4875BB8D-DB12-4236-95B9-9E45A40A5ECD}.Release|Any CPU.ActiveCfg = Release|Any CPU
		{4875BB8D-DB12-4236-95B9-9E45A40A5ECD}.Release|Any CPU.Build.0 = Release|Any CPU
	EndGlobalSection
	GlobalSection(NestedProjects) = preSolution
	EndGlobalSection
EndGlobal
